Microsoft Visual Studio Solution File, Format Version 11.00
# Visual Studio 2010
Project("{8BC9CEB8-8B4A-11D0-8D11-00A0C91BC942}") = "mirror", "mirror9.vcxproj", "{4A3BFEE5-003E-4CE4-8578-6432EBAC03B2}"
EndProject
Project("{8BC9CEB8-8B4A-11D0-8D11-00A0C91BC942}") = "Base", "..\..\..\Springhead2\src\Base\Base10.vcxproj", "{1563E2FD-2C00-444B-A069-ED1EE15C51EE}"
EndProject
Project("{8BC9CEB8-8B4A-11D0-8D11-00A0C91BC942}") = "Foundation", "..\..\..\Springhead2\src\Foundation\Foundation10.vcxproj", "{5DD6484B-A722-48B0-91B8-63271D2B41FF}"
EndProject
Project("{8BC9CEB8-8B4A-11D0-8D11-00A0C91BC942}") = "Graphics", "..\..\..\Springhead2\src\Graphics\Graphics10.vcxproj", "{5819AD04-44BD-4CEF-AFDE-2CC736FE9C23}"
EndProject
Global
	GlobalSection(SolutionConfigurationPlatforms) = preSolution
		Debug|Win32 = Debug|Win32
		Debug|x64 = Debug|x64
		DebugDll|Win32 = DebugDll|Win32
		DebugDll|x64 = DebugDll|x64
		Release|Win32 = Release|Win32
		Release|x64 = Release|x64
		ReleaseDll|Win32 = ReleaseDll|Win32
		ReleaseDll|x64 = ReleaseDll|x64
	EndGlobalSection
	GlobalSection(ProjectConfigurationPlatforms) = postSolution
		{4A3BFEE5-003E-4CE4-8578-6432EBAC03B2}.Debug|Win32.ActiveCfg = Debug|Win32
		{4A3BFEE5-003E-4CE4-8578-6432EBAC03B2}.Debug|Win32.Build.0 = Debug|Win32
		{4A3BFEE5-003E-4CE4-8578-6432EBAC03B2}.Debug|x64.ActiveCfg = Debug|Win32
		{4A3BFEE5-003E-4CE4-8578-6432EBAC03B2}.DebugDll|Win32.ActiveCfg = Debug|Win32
		{4A3BFEE5-003E-4CE4-8578-6432EBAC03B2}.DebugDll|Win32.Build.0 = Debug|Win32
		{4A3BFEE5-003E-4CE4-8578-6432EBAC03B2}.DebugDll|x64.ActiveCfg = Debug|Win32
		{4A3BFEE5-003E-4CE4-8578-6432EBAC03B2}.Release|Win32.ActiveCfg = Release|Win32
		{4A3BFEE5-003E-4CE4-8578-6432EBAC03B2}.Release|Win32.Build.0 = Release|Win32
		{4A3BFEE5-003E-4CE4-8578-6432EBAC03B2}.Release|x64.ActiveCfg = Release|Win32
		{4A3BFEE5-003E-4CE4-8578-6432EBAC03B2}.ReleaseDll|Win32.ActiveCfg = Release|Win32
		{4A3BFEE5-003E-4CE4-8578-6432EBAC03B2}.ReleaseDll|Win32.Build.0 = Release|Win32
		{4A3BFEE5-003E-4CE4-8578-6432EBAC03B2}.ReleaseDll|x64.ActiveCfg = Release|Win32
		{1563E2FD-2C00-444B-A069-ED1EE15C51EE}.Debug|Win32.ActiveCfg = Debug|Win32
		{1563E2FD-2C00-444B-A069-ED1EE15C51EE}.Debug|Win32.Build.0 = Debug|Win32
		{1563E2FD-2C00-444B-A069-ED1EE15C51EE}.Debug|x64.ActiveCfg = Debug|x64
		{1563E2FD-2C00-444B-A069-ED1EE15C51EE}.Debug|x64.Build.0 = Debug|x64
		{1563E2FD-2C00-444B-A069-ED1EE15C51EE}.DebugDll|Win32.ActiveCfg = DebugDll|Win32
		{1563E2FD-2C00-444B-A069-ED1EE15C51EE}.DebugDll|Win32.Build.0 = DebugDll|Win32
		{1563E2FD-2C00-444B-A069-ED1EE15C51EE}.DebugDll|x64.ActiveCfg = DebugDll|x64
		{1563E2FD-2C00-444B-A069-ED1EE15C51EE}.DebugDll|x64.Build.0 = DebugDll|x64
		{1563E2FD-2C00-444B-A069-ED1EE15C51EE}.Release|Win32.ActiveCfg = Release|Win32
		{1563E2FD-2C00-444B-A069-ED1EE15C51EE}.Release|Win32.Build.0 = Release|Win32
		{1563E2FD-2C00-444B-A069-ED1EE15C51EE}.Release|x64.ActiveCfg = Release|x64
		{1563E2FD-2C00-444B-A069-ED1EE15C51EE}.Release|x64.Build.0 = Release|x64
		{1563E2FD-2C00-444B-A069-ED1EE15C51EE}.ReleaseDll|Win32.ActiveCfg = ReleaseDll|Win32
		{1563E2FD-2C00-444B-A069-ED1EE15C51EE}.ReleaseDll|Win32.Build.0 = ReleaseDll|Win32
		{1563E2FD-2C00-444B-A069-ED1EE15C51EE}.ReleaseDll|x64.ActiveCfg = ReleaseDll|x64
		{1563E2FD-2C00-444B-A069-ED1EE15C51EE}.ReleaseDll|x64.Build.0 = ReleaseDll|x64
		{5DD6484B-A722-48B0-91B8-63271D2B41FF}.Debug|Win32.ActiveCfg = Debug|Win32
		{5DD6484B-A722-48B0-91B8-63271D2B41FF}.Debug|Win32.Build.0 = Debug|Win32
		{5DD6484B-A722-48B0-91B8-63271D2B41FF}.Debug|x64.ActiveCfg = Debug|x64
		{5DD6484B-A722-48B0-91B8-63271D2B41FF}.Debug|x64.Build.0 = Debug|x64
		{5DD6484B-A722-48B0-91B8-63271D2B41FF}.DebugDll|Win32.ActiveCfg = DebugDll|Win32
		{5DD6484B-A722-48B0-91B8-63271D2B41FF}.DebugDll|Win32.Build.0 = DebugDll|Win32
		{5DD6484B-A722-48B0-91B8-63271D2B41FF}.DebugDll|x64.ActiveCfg = DebugDll|x64
		{5DD6484B-A722-48B0-91B8-63271D2B41FF}.DebugDll|x64.Build.0 = DebugDll|x64
		{5DD6484B-A722-48B0-91B8-63271D2B41FF}.Release|Win32.ActiveCfg = Release|Win32
		{5DD6484B-A722-48B0-91B8-63271D2B41FF}.Release|Win32.Build.0 = Release|Win32
		{5DD6484B-A722-48B0-91B8-63271D2B41FF}.Release|x64.ActiveCfg = Release|x64
		{5DD6484B-A722-48B0-91B8-63271D2B41FF}.Release|x64.Build.0 = Release|x64
		{5DD6484B-A722-48B0-91B8-63271D2B41FF}.ReleaseDll|Win32.ActiveCfg = ReleaseDll|Win32
		{5DD6484B-A722-48B0-91B8-63271D2B41FF}.ReleaseDll|Win32.Build.0 = ReleaseDll|Win32
		{5DD6484B-A722-48B0-91B8-63271D2B41FF}.ReleaseDll|x64.ActiveCfg = ReleaseDll|x64
		{5DD6484B-A722-48B0-91B8-63271D2B41FF}.ReleaseDll|x64.Build.0 = ReleaseDll|x64
		{5819AD04-44BD-4CEF-AFDE-2CC736FE9C23}.Debug|Win32.ActiveCfg = Debug|Win32
		{5819AD04-44BD-4CEF-AFDE-2CC736FE9C23}.Debug|Win32.Build.0 = Debug|Win32
		{5819AD04-44BD-4CEF-AFDE-2CC736FE9C23}.Debug|x64.ActiveCfg = Debug|x64
		{5819AD04-44BD-4CEF-AFDE-2CC736FE9C23}.Debug|x64.Build.0 = Debug|x64
		{5819AD04-44BD-4CEF-AFDE-2CC736FE9C23}.DebugDll|Win32.ActiveCfg = DebugDll|Win32
		{5819AD04-44BD-4CEF-AFDE-2CC736FE9C23}.DebugDll|Win32.Build.0 = DebugDll|Win32
		{5819AD04-44BD-4CEF-AFDE-2CC736FE9C23}.DebugDll|x64.ActiveCfg = DebugDll|x64
		{5819AD04-44BD-4CEF-AFDE-2CC736FE9C23}.DebugDll|x64.Build.0 = DebugDll|x64
		{5819AD04-44BD-4CEF-AFDE-2CC736FE9C23}.Release|Win32.ActiveCfg = Release|Win32
		{5819AD04-44BD-4CEF-AFDE-2CC736FE9C23}.Release|Win32.Build.0 = Release|Win32
		{5819AD04-44BD-4CEF-AFDE-2CC736FE9C23}.Release|x64.ActiveCfg = Release|x64
		{5819AD04-44BD-4CEF-AFDE-2CC736FE9C23}.Release|x64.Build.0 = Release|x64
		{5819AD04-44BD-4CEF-AFDE-2CC736FE9C23}.ReleaseDll|Win32.ActiveCfg = ReleaseDll|Win32
		{5819AD04-44BD-4CEF-AFDE-2CC736FE9C23}.ReleaseDll|Win32.Build.0 = ReleaseDll|Win32
		{5819AD04-44BD-4CEF-AFDE-2CC736FE9C23}.ReleaseDll|x64.ActiveCfg = ReleaseDll|x64
		{5819AD04-44BD-4CEF-AFDE-2CC736FE9C23}.ReleaseDll|x64.Build.0 = ReleaseDll|x64
	EndGlobalSection
	GlobalSection(SolutionProperties) = preSolution
		HideSolutionNode = FALSE
	EndGlobalSection
EndGlobal
